<?xml version="1.0" encoding="utf-8"?>
<Project ToolsVersion="4.0" xmlns="http://schemas.microsoft.com/developer/msbuild/2003">
  <ItemGroup>
    <Filter Include="Source Files">
      <UniqueIdentifier>{4FC737F1-C7A5-4376-A066-2A32D752A2FF}</UniqueIdentifier>
      <Extensions>cpp;c;cc;cxx;def;odl;idl;hpj;bat;asm;asmx</Extensions>
    </Filter>
    <Filter Include="Header Files">
      <UniqueIdentifier>{93995380-89BD-4b04-88EB-625FBE52EBFB}</UniqueIdentifier>
      <Extensions>h;hh;hpp;hxx;hm;inl;inc;ipp;xsd</Extensions>
    </Filter>
    <Filter Include="Resource Files">
      <UniqueIdentifier>{67DA6AB6-F800-4c08-8B7A-83BB121AAD01}</UniqueIdentifier>
      <Extensions>rc;ico;cur;bmp;dlg;rc2;rct;bin;rgs;gif;jpg;jpeg;jpe;resx;tiff;tif;png;wav;mfcribbon-ms</Extensions>
    </Filter>
    <Filter Include="Source Files\C언어">
      <UniqueIdentifier>{1c801370-fcd0-4cb2-9dc3-e35d687ead35}</UniqueIdentifier>
    </Filter>
    <Filter Include="Source Files\C언어\#1 기초">
      <UniqueIdentifier>{b1e8f408-c733-442e-8d32-1fc6b4b9772f}</UniqueIdentifier>
    </Filter>
    <Filter Include="Source Files\C언어\#2 기초2">
      <UniqueIdentifier>{19fa42f5-1939-4245-a410-105823dcdb6c}</UniqueIdentifier>
    </Filter>
    <Filter Include="Source Files\C언어\#3 중급">
      <UniqueIdentifier>{913da921-1d2d-470a-8297-00633b7078bd}</UniqueIdentifier>
    </Filter>
    <Filter Include="Source Files\C언어\#4 구조체와 클래스">
      <UniqueIdentifier>{a2280338-2972-4f48-8434-09d461b175b7}</UniqueIdentifier>
    </Filter>
    <Filter Include="Source Files\C언어\#5 포인터와 응용">
      <UniqueIdentifier>{cff07ad1-5241-4bd0-8ee4-004b4ec955b7}</UniqueIdentifier>
    </Filter>
    <Filter Include="Source Files\C언어\#6 문자열">
      <UniqueIdentifier>{f3d6c59d-c9a7-4875-a31d-518a9744641b}</UniqueIdentifier>
    </Filter>
    <Filter Include="Source Files\C언어\#7 구조체">
      <UniqueIdentifier>{c23460b4-d4c3-477a-a413-22d40ce96dc9}</UniqueIdentifier>
    </Filter>
    <Filter Include="Source Files\C++언어">
      <UniqueIdentifier>{bedd8074-dd9f-4aaf-b679-4107993f65ef}</UniqueIdentifier>
    </Filter>
    <Filter Include="Source Files\C++언어\클래스">
      <UniqueIdentifier>{d8ede0cb-4b4f-45e0-aee7-7bdd0f7c34f9}</UniqueIdentifier>
    </Filter>
    <Filter Include="Source Files\C언어\테스트">
      <UniqueIdentifier>{71ae827a-ba33-483e-a266-81949107df57}</UniqueIdentifier>
    </Filter>
  </ItemGroup>
  <ItemGroup>
    <ClCompile Include="함수와 범위.c">
      <Filter>Source Files\C언어\#3 중급</Filter>
    </ClCompile>
    <ClCompile Include="string.c">
      <Filter>Source Files\C언어\#6 문자열</Filter>
    </ClCompile>
    <ClCompile Include="조건문.c">
      <Filter>Source Files\C언어\#1 기초</Filter>
    </ClCompile>
    <ClCompile Include="조건문_스위치.c">
      <Filter>Source Files\C언어\#1 기초</Filter>
    </ClCompile>
    <ClCompile Include="형변환_우선순위.c">
      <Filter>Source Files\C언어\#1 기초</Filter>
    </ClCompile>
    <ClCompile Include="비트연산.c">
      <Filter>Source Files\C언어\#2 기초2</Filter>
    </ClCompile>
    <ClCompile Include="반복문.c">
      <Filter>Source Files\C언어\#2 기초2</Filter>
    </ClCompile>
    <ClCompile Include="array.c">
      <Filter>Source Files\C언어\#3 중급</Filter>
    </ClCompile>
    <ClCompile Include="pointer.c">
      <Filter>Source Files\C언어\#3 중급</Filter>
    </ClCompile>
    <ClCompile Include="struct.c">
      <Filter>Source Files\C언어\#4 구조체와 클래스</Filter>
    </ClCompile>
    <ClCompile Include="Class.cpp">
      <Filter>Source Files\C언어\#4 구조체와 클래스</Filter>
    </ClCompile>
    <ClCompile Include="Constructor.cpp">
      <Filter>Source Files\C언어\#4 구조체와 클래스</Filter>
    </ClCompile>
    <ClCompile Include="callby.cpp">
      <Filter>Source Files\C언어\#3 중급</Filter>
    </ClCompile>
    <ClCompile Include="array_pointer.c">
      <Filter>Source Files\C언어\#5 포인터와 응용</Filter>
    </ClCompile>
    <ClCompile Include="pointer2.cpp">
      <Filter>Source Files\C언어\#5 포인터와 응용</Filter>
    </ClCompile>
    <ClCompile Include="Animal.cpp">
      <Filter>Source Files\C++언어\클래스</Filter>
    </ClCompile>
    <ClCompile Include="ctor_dtor.cpp">
      <Filter>Source Files\C++언어\클래스</Filter>
    </ClCompile>
    <ClCompile Include="overloading.cpp">
      <Filter>Source Files\C++언어\클래스</Filter>
    </ClCompile>
    <ClCompile Include="inheritance.cpp">
      <Filter>Source Files\C++언어\클래스</Filter>
    </ClCompile>
    <ClCompile Include="test.c">
      <Filter>Source Files\C언어\테스트</Filter>
    </ClCompile>
  </ItemGroup>
  <ItemGroup>
    <ClInclude Include="Class.h">
      <Filter>Source Files\C언어\#4 구조체와 클래스</Filter>
    </ClInclude>
    <ClInclude Include="Constructor.h">
      <Filter>Source Files\C언어\#4 구조체와 클래스</Filter>
    </ClInclude>
    <ClInclude Include="Animal.h">
      <Filter>Header Files</Filter>
    </ClInclude>
    <ClInclude Include="animal_basic.h">
      <Filter>Header Files</Filter>
    </ClInclude>
  </ItemGroup>
</Project>